// !$*UTF8*$!
{
	archiveVersion = 1;
	classes = {
	};
	objectVersion = 56;
	objects = {

/* Begin PBXBuildFile section */
		A37D8E852A80AE57007E9811 /* ArtGemsApp.swift in Sources */ = {isa = PBXBuildFile; fileRef = A37D8E842A80AE57007E9811 /* ArtGemsApp.swift */; };
		A37D8E872A80AE57007E9811 /* ContentView.swift in Sources */ = {isa = PBXBuildFile; fileRef = A37D8E862A80AE57007E9811 /* ContentView.swift */; };
		A37D8E892A80AE5A007E9811 /* Assets.xcassets in Resources */ = {isa = PBXBuildFile; fileRef = A37D8E882A80AE5A007E9811 /* Assets.xcassets */; };
		A37D8E8C2A80AE5A007E9811 /* Preview Assets.xcassets in Resources */ = {isa = PBXBuildFile; fileRef = A37D8E8B2A80AE5A007E9811 /* Preview Assets.xcassets */; };
		A37D8E972A80AFB5007E9811 /* Artist.swift in Sources */ = {isa = PBXBuildFile; fileRef = A37D8E962A80AFB5007E9811 /* Artist.swift */; };
		A37D8E992A80AFD8007E9811 /* artists.json in Resources */ = {isa = PBXBuildFile; fileRef = A37D8E982A80AFD8007E9811 /* artists.json */; };
		A37D8E9B2A80AFED007E9811 /* ModelData.swift in Sources */ = {isa = PBXBuildFile; fileRef = A37D8E9A2A80AFED007E9811 /* ModelData.swift */; };
		A37D8E9D2A80B02C007E9811 /* ProfilePicture.swift in Sources */ = {isa = PBXBuildFile; fileRef = A37D8E9C2A80B02C007E9811 /* ProfilePicture.swift */; };
		A37D8E9F2A80B074007E9811 /* ProfileInfoView.swift in Sources */ = {isa = PBXBuildFile; fileRef = A37D8E9E2A80B074007E9811 /* ProfileInfoView.swift */; };
		A37D8EA12A80B09B007E9811 /* PhotoGridView.swift in Sources */ = {isa = PBXBuildFile; fileRef = A37D8EA02A80B09B007E9811 /* PhotoGridView.swift */; };
		A37D8EA32A80B0BE007E9811 /* DetailView.swift in Sources */ = {isa = PBXBuildFile; fileRef = A37D8EA22A80B0BE007E9811 /* DetailView.swift */; };
		A37D8EA52A80B0E2007E9811 /* RowView.swift in Sources */ = {isa = PBXBuildFile; fileRef = A37D8EA42A80B0E2007E9811 /* RowView.swift */; };
		A37D8EA72A80B0FB007E9811 /* ListView.swift in Sources */ = {isa = PBXBuildFile; fileRef = A37D8EA62A80B0FB007E9811 /* ListView.swift */; };
		A37D8EA92A80B12B007E9811 /* AppInfoView.swift in Sources */ = {isa = PBXBuildFile; fileRef = A37D8EA82A80B12B007E9811 /* AppInfoView.swift */; };
		A37D8EAB2A80B157007E9811 /* ButtonView.swift in Sources */ = {isa = PBXBuildFile; fileRef = A37D8EAA2A80B157007E9811 /* ButtonView.swift */; };
		A37D8EAD2A80B176007E9811 /* WelcomeView.swift in Sources */ = {isa = PBXBuildFile; fileRef = A37D8EAC2A80B176007E9811 /* WelcomeView.swift */; };
/* End PBXBuildFile section */

/* Begin PBXFileReference section */
		A37D8E812A80AE57007E9811 /* ArtGems.app */ = {isa = PBXFileReference; explicitFileType = wrapper.application; includeInIndex = 0; path = ArtGems.app; sourceTree = BUILT_PRODUCTS_DIR; };
		A37D8E842A80AE57007E9811 /* ArtGemsApp.swift */ = {isa = PBXFileReference; lastKnownFileType = sourcecode.swift; path = ArtGemsApp.swift; sourceTree = "<group>"; };
		A37D8E862A80AE57007E9811 /* ContentView.swift */ = {isa = PBXFileReference; lastKnownFileType = sourcecode.swift; path = ContentView.swift; sourceTree = "<group>"; };
		A37D8E882A80AE5A007E9811 /* Assets.xcassets */ = {isa = PBXFileReference; lastKnownFileType = folder.assetcatalog; path = Assets.xcassets; sourceTree = "<group>"; };
		A37D8E8B2A80AE5A007E9811 /* Preview Assets.xcassets */ = {isa = PBXFileReference; lastKnownFileType = folder.assetcatalog; path = "Preview Assets.xcassets"; sourceTree = "<group>"; };
		A37D8E962A80AFB5007E9811 /* Artist.swift */ = {isa = PBXFileReference; lastKnownFileType = sourcecode.swift; path = Artist.swift; sourceTree = "<group>"; };
		A37D8E982A80AFD8007E9811 /* artists.json */ = {isa = PBXFileReference; fileEncoding = 4; lastKnownFileType = text.json; path = artists.json; sourceTree = "<group>"; };
		A37D8E9A2A80AFED007E9811 /* ModelData.swift */ = {isa = PBXFileReference; lastKnownFileType = sourcecode.swift; path = ModelData.swift; sourceTree = "<group>"; };
		A37D8E9C2A80B02C007E9811 /* ProfilePicture.swift */ = {isa = PBXFileReference; lastKnownFileType = sourcecode.swift; path = ProfilePicture.swift; sourceTree = "<group>"; };
		A37D8E9E2A80B074007E9811 /* ProfileInfoView.swift */ = {isa = PBXFileReference; lastKnownFileType = sourcecode.swift; path = ProfileInfoView.swift; sourceTree = "<group>"; };
		A37D8EA02A80B09B007E9811 /* PhotoGridView.swift */ = {isa = PBXFileReference; lastKnownFileType = sourcecode.swift; path = PhotoGridView.swift; sourceTree = "<group>"; };
		A37D8EA22A80B0BE007E9811 /* DetailView.swift */ = {isa = PBXFileReference; lastKnownFileType = sourcecode.swift; path = DetailView.swift; sourceTree = "<group>"; };
		A37D8EA42A80B0E2007E9811 /* RowView.swift */ = {isa = PBXFileReference; lastKnownFileType = sourcecode.swift; path = RowView.swift; sourceTree = "<group>"; };
		A37D8EA62A80B0FB007E9811 /* ListView.swift */ = {isa = PBXFileReference; lastKnownFileType = sourcecode.swift; path = ListView.swift; sourceTree = "<group>"; };
		A37D8EA82A80B12B007E9811 /* AppInfoView.swift */ = {isa = PBXFileReference; lastKnownFileType = sourcecode.swift; path = AppInfoView.swift; sourceTree = "<group>"; };
		A37D8EAA2A80B157007E9811 /* ButtonView.swift */ = {isa = PBXFileReference; lastKnownFileType = sourcecode.swift; path = ButtonView.swift; sourceTree = "<group>"; };
		A37D8EAC2A80B176007E9811 /* WelcomeView.swift */ = {isa = PBXFileReference; lastKnownFileType = sourcecode.swift; path = WelcomeView.swift; sourceTree = "<group>"; };
/* End PBXFileReference section */

/* Begin PBXFrameworksBuildPhase section */
		A37D8E7E2A80AE57007E9811 /* Frameworks */ = {
			isa = PBXFrameworksBuildPhase;
			buildActionMask = 2147483647;
			files = (
			);
			runOnlyForDeploymentPostprocessing = 0;
		};
/* End PBXFrameworksBuildPhase section */

/* Begin PBXGroup section */
		A37D8E782A80AE57007E9811 = {
			isa = PBXGroup;
			children = (
				A37D8E832A80AE57007E9811 /* ArtGems */,
				A37D8E822A80AE57007E9811 /* Products */,
			);
			sourceTree = "<group>";
		};
		A37D8E822A80AE57007E9811 /* Products */ = {
			isa = PBXGroup;
			children = (
				A37D8E812A80AE57007E9811 /* ArtGems.app */,
			);
			name = Products;
			sourceTree = "<group>";
		};
		A37D8E832A80AE57007E9811 /* ArtGems */ = {
			isa = PBXGroup;
			children = (
				A37D8E952A80AF95007E9811 /* Model */,
				A37D8E942A80AF88007E9811 /* DetailView */,
				A37D8E932A80AF80007E9811 /* ListView */,
				A37D8E922A80AF6F007E9811 /* WelcomeView */,
				A37D8E842A80AE57007E9811 /* ArtGemsApp.swift */,
				A37D8E862A80AE57007E9811 /* ContentView.swift */,
				A37D8E882A80AE5A007E9811 /* Assets.xcassets */,
				A37D8E8A2A80AE5A007E9811 /* Preview Content */,
			);
			path = ArtGems;
			sourceTree = "<group>";
		};
		A37D8E8A2A80AE5A007E9811 /* Preview Content */ = {
			isa = PBXGroup;
			children = (
				A37D8E8B2A80AE5A007E9811 /* Preview Assets.xcassets */,
			);
			path = "Preview Content";
			sourceTree = "<group>";
		};
		A37D8E922A80AF6F007E9811 /* WelcomeView */ = {
			isa = PBXGroup;
			children = (
				A37D8EA82A80B12B007E9811 /* AppInfoView.swift */,
				A37D8EAA2A80B157007E9811 /* ButtonView.swift */,
				A37D8EAC2A80B176007E9811 /* WelcomeView.swift */,
			);
			path = WelcomeView;
			sourceTree = "<group>";
		};
		A37D8E932A80AF80007E9811 /* ListView */ = {
			isa = PBXGroup;
			children = (
				A37D8EA42A80B0E2007E9811 /* RowView.swift */,
				A37D8EA62A80B0FB007E9811 /* ListView.swift */,
			);
			path = ListView;
			sourceTree = "<group>";
		};
		A37D8E942A80AF88007E9811 /* DetailView */ = {
			isa = PBXGroup;
			children = (
				A37D8E9C2A80B02C007E9811 /* ProfilePicture.swift */,
				A37D8E9E2A80B074007E9811 /* ProfileInfoView.swift */,
				A37D8EA02A80B09B007E9811 /* PhotoGridView.swift */,
				A37D8EA22A80B0BE007E9811 /* DetailView.swift */,
			);
			path = DetailView;
			sourceTree = "<group>";
		};
		A37D8E952A80AF95007E9811 /* Model */ = {
			isa = PBXGroup;
			children = (
				A37D8E982A80AFD8007E9811 /* artists.json */,
				A37D8E962A80AFB5007E9811 /* Artist.swift */,
				A37D8E9A2A80AFED007E9811 /* ModelData.swift */,
			);
			path = Model;
			sourceTree = "<group>";
		};
/* End PBXGroup section */

/* Begin PBXNativeTarget section */
		A37D8E802A80AE57007E9811 /* ArtGems */ = {
			isa = PBXNativeTarget;
			buildConfigurationList = A37D8E8F2A80AE5A007E9811 /* Build configuration list for PBXNativeTarget "ArtGems" */;
			buildPhases = (
				A37D8E7D2A80AE57007E9811 /* Sources */,
				A37D8E7E2A80AE57007E9811 /* Frameworks */,
				A37D8E7F2A80AE57007E9811 /* Resources */,
			);
			buildRules = (
			);
			dependencies = (
			);
			name = ArtGems;
			productName = ArtGems;
			productReference = A37D8E812A80AE57007E9811 /* ArtGems.app */;
			productType = "com.apple.product-type.application";
		};
/* End PBXNativeTarget section */

/* Begin PBXProject section */
		A37D8E792A80AE57007E9811 /* Project object */ = {
			isa = PBXProject;
			attributes = {
				BuildIndependentTargetsInParallel = 1;
				LastSwiftUpdateCheck = 1430;
				LastUpgradeCheck = 1430;
				TargetAttributes = {
					A37D8E802A80AE57007E9811 = {
						CreatedOnToolsVersion = 14.3.1;
					};
				};
			};
			buildConfigurationList = A37D8E7C2A80AE57007E9811 /* Build configuration list for PBXProject "ArtGems" */;
			compatibilityVersion = "Xcode 14.0";
			developmentRegion = en;
			hasScannedForEncodings = 0;
			knownRegions = (
				en,
				Base,
			);
			mainGroup = A37D8E782A80AE57007E9811;
			productRefGroup = A37D8E822A80AE57007E9811 /* Products */;
			projectDirPath = "";
			projectRoot = "";
			targets = (
				A37D8E802A80AE57007E9811 /* ArtGems */,
			);
		};
/* End PBXProject section */

/* Begin PBXResourcesBuildPhase section */
		A37D8E7F2A80AE57007E9811 /* Resources */ = {
			isa = PBXResourcesBuildPhase;
			buildActionMask = 2147483647;
			files = (
				A37D8E8C2A80AE5A007E9811 /* Preview Assets.xcassets in Resources */,
				A37D8E992A80AFD8007E9811 /* artists.json in Resources */,
				A37D8E892A80AE5A007E9811 /* Assets.xcassets in Resources */,
			);
			runOnlyForDeploymentPostprocessing = 0;
		};
/* End PBXResourcesBuildPhase section */

/* Begin PBXSourcesBuildPhase section */
		A37D8E7D2A80AE57007E9811 /* Sources */ = {
			isa = PBXSourcesBuildPhase;
			buildActionMask = 2147483647;
			files = (
				A37D8E9F2A80B074007E9811 /* ProfileInfoView.swift in Sources */,
				A37D8EA32A80B0BE007E9811 /* DetailView.swift in Sources */,
				A37D8EAB2A80B157007E9811 /* ButtonView.swift in Sources */,
				A37D8EA92A80B12B007E9811 /* AppInfoView.swift in Sources */,
				A37D8EA72A80B0FB007E9811 /* ListView.swift in Sources */,
				A37D8E972A80AFB5007E9811 /* Artist.swift in Sources */,
				A37D8E9B2A80AFED007E9811 /* ModelData.swift in Sources */,
				A37D8EAD2A80B176007E9811 /* WelcomeView.swift in Sources */,
				A37D8EA52A80B0E2007E9811 /* RowView.swift in Sources */,
				A37D8E9D2A80B02C007E9811 /* ProfilePicture.swift in Sources */,
				A37D8EA12A80B09B007E9811 /* PhotoGridView.swift in Sources */,
				A37D8E872A80AE57007E9811 /* ContentView.swift in Sources */,
				A37D8E852A80AE57007E9811 /* ArtGemsApp.swift in Sources */,
			);
			runOnlyForDeploymentPostprocessing = 0;
		};
/* End PBXSourcesBuildPhase section */

/* Begin XCBuildConfiguration section */
		A37D8E8D2A80AE5A007E9811 /* Debug */ = {
			isa = XCBuildConfiguration;
			buildSettings = {
				ALWAYS_SEARCH_USER_PATHS = NO;
				CLANG_ANALYZER_NONNULL = YES;
				CLANG_ANALYZER_NUMBER_OBJECT_CONVERSION = YES_AGGRESSIVE;
				CLANG_CXX_LANGUAGE_STANDARD = "gnu++20";
				CLANG_ENABLE_MODULES = YES;
				CLANG_ENABLE_OBJC_ARC = YES;
				CLANG_ENABLE_OBJC_WEAK = YES;
				CLANG_WARN_BLOCK_CAPTURE_AUTORELEASING = YES;
				CLANG_WARN_BOOL_CONVERSION = YES;
				CLANG_WARN_COMMA = YES;
				CLANG_WARN_CONSTANT_CONVERSION = YES;
				CLANG_WARN_DEPRECATED_OBJC_IMPLEMENTATIONS = YES;
				CLANG_WARN_DIRECT_OBJC_ISA_USAGE = YES_ERROR;
				CLANG_WARN_DOCUMENTATION_COMMENTS = YES;
				CLANG_WARN_EMPTY_BODY = YES;
				CLANG_WARN_ENUM_CONVERSION = YES;
				CLANG_WARN_INFINITE_RECURSION = YES;
				CLANG_WARN_INT_CONVERSION = YES;
				CLANG_WARN_NON_LITERAL_NULL_CONVERSION = YES;
				CLANG_WARN_OBJC_IMPLICIT_RETAIN_SELF = YES;
				CLANG_WARN_OBJC_LITERAL_CONVERSION = YES;
				CLANG_WARN_OBJC_ROOT_CLASS = YES_ERROR;
				CLANG_WARN_QUOTED_INCLUDE_IN_FRAMEWORK_HEADER = YES;
				CLANG_WARN_RANGE_LOOP_ANALYSIS = YES;
				CLANG_WARN_STRICT_PROTOTYPES = YES;
				CLANG_WARN_SUSPICIOUS_MOVE = YES;
				CLANG_WARN_UNGUARDED_AVAILABILITY = YES_AGGRESSIVE;
				CLANG_WARN_UNREACHABLE_CODE = YES;
				CLANG_WARN__DUPLICATE_METHOD_MATCH = YES;
				COPY_PHASE_STRIP = NO;
				DEBUG_INFORMATION_FORMAT = dwarf;
				ENABLE_STRICT_OBJC_MSGSEND = YES;
				ENABLE_TESTABILITY = YES;
				GCC_C_LANGUAGE_STANDARD = gnu11;
				GCC_DYNAMIC_NO_PIC = NO;
				GCC_NO_COMMON_BLOCKS = YES;
				GCC_OPTIMIZATION_LEVEL = 0;
				GCC_PREPROCESSOR_DEFINITIONS = (
					"DEBUG=1",
					"$(inherited)",
				);
				GCC_WARN_64_TO_32_BIT_CONVERSION = YES;
				GCC_WARN_ABOUT_RETURN_TYPE = YES_ERROR;
				GCC_WARN_UNDECLARED_SELECTOR = YES;
				GCC_WARN_UNINITIALIZED_AUTOS = YES_AGGRESSIVE;
				GCC_WARN_UNUSED_FUNCTION = YES;
				GCC_WARN_UNUSED_VARIABLE = YES;
				IPHONEOS_DEPLOYMENT_TARGET = 16.4;
				MTL_ENABLE_DEBUG_INFO = INCLUDE_SOURCE;
				MTL_FAST_MATH = YES;
				ONLY_ACTIVE_ARCH = YES;
				SDKROOT = iphoneos;
				SWIFT_ACTIVE_COMPILATION_CONDITIONS = DEBUG;
				SWIFT_OPTIMIZATION_LEVEL = "-Onone";
			};
			name = Debug;
		};
		A37D8E8E2A80AE5A007E9811 /* Release */ = {
			isa = XCBuildConfiguration;
			buildSettings = {
				ALWAYS_SEARCH_USER_PATHS = NO;
				CLANG_ANALYZER_NONNULL = YES;
				CLANG_ANALYZER_NUMBER_OBJECT_CONVERSION = YES_AGGRESSIVE;
				CLANG_CXX_LANGUAGE_STANDARD = "gnu++20";
				CLANG_ENABLE_MODULES = YES;
				CLANG_ENABLE_OBJC_ARC = YES;
				CLANG_ENABLE_OBJC_WEAK = YES;
				CLANG_WARN_BLOCK_CAPTURE_AUTORELEASING = YES;
				CLANG_WARN_BOOL_CONVERSION = YES;
				CLANG_WARN_COMMA = YES;
				CLANG_WARN_CONSTANT_CONVERSION = YES;
				CLANG_WARN_DEPRECATED_OBJC_IMPLEMENTATIONS = YES;
				CLANG_WARN_DIRECT_OBJC_ISA_USAGE = YES_ERROR;
				CLANG_WARN_DOCUMENTATION_COMMENTS = YES;
				CLANG_WARN_EMPTY_BODY = YES;
				CLANG_WARN_ENUM_CONVERSION = YES;
				CLANG_WARN_INFINITE_RECURSION = YES;
				CLANG_WARN_INT_CONVERSION = YES;
				CLANG_WARN_NON_LITERAL_NULL_CONVERSION = YES;
				CLANG_WARN_OBJC_IMPLICIT_RETAIN_SELF = YES;
				CLANG_WARN_OBJC_LITERAL_CONVERSION = YES;
				CLANG_WARN_OBJC_ROOT_CLASS = YES_ERROR;
				CLANG_WARN_QUOTED_INCLUDE_IN_FRAMEWORK_HEADER = YES;
				CLANG_WARN_RANGE_LOOP_ANALYSIS = YES;
				CLANG_WARN_STRICT_PROTOTYPES = YES;
				CLANG_WARN_SUSPICIOUS_MOVE = YES;
				CLANG_WARN_UNGUARDED_AVAILABILITY = YES_AGGRESSIVE;
				CLANG_WARN_UNREACHABLE_CODE = YES;
				CLANG_WARN__DUPLICATE_METHOD_MATCH = YES;
				COPY_PHASE_STRIP = NO;
				DEBUG_INFORMATION_FORMAT = "dwarf-with-dsym";
				ENABLE_NS_ASSERTIONS = NO;
				ENABLE_STRICT_OBJC_MSGSEND = YES;
				GCC_C_LANGUAGE_STANDARD = gnu11;
				GCC_NO_COMMON_BLOCKS = YES;
				GCC_WARN_64_TO_32_BIT_CONVERSION = YES;
				GCC_WARN_ABOUT_RETURN_TYPE = YES_ERROR;
				GCC_WARN_UNDECLARED_SELECTOR = YES;
				GCC_WARN_UNINITIALIZED_AUTOS = YES_AGGRESSIVE;
				GCC_WARN_UNUSED_FUNCTION = YES;
				GCC_WARN_UNUSED_VARIABLE = YES;
				IPHONEOS_DEPLOYMENT_TARGET = 16.4;
				MTL_ENABLE_DEBUG_INFO = NO;
				MTL_FAST_MATH = YES;
				SDKROOT = iphoneos;
				SWIFT_COMPILATION_MODE = wholemodule;
				SWIFT_OPTIMIZATION_LEVEL = "-O";
				VALIDATE_PRODUCT = YES;
			};
			name = Release;
		};
		A37D8E902A80AE5A007E9811 /* Debug */ = {
			isa = XCBuildConfiguration;
			buildSettings = {
				ASSETCATALOG_COMPILER_APPICON_NAME = AppIcon;
				ASSETCATALOG_COMPILER_GLOBAL_ACCENT_COLOR_NAME = AccentColor;
				CODE_SIGN_STYLE = Automatic;
				CURRENT_PROJECT_VERSION = 1;
				DEVELOPMENT_ASSET_PATHS = "\"ArtGems/Preview Content\"";
				ENABLE_PREVIEWS = YES;
				GENERATE_INFOPLIST_FILE = YES;
				INFOPLIST_KEY_UIApplicationSceneManifest_Generation = YES;
				INFOPLIST_KEY_UIApplicationSupportsIndirectInputEvents = YES;
				INFOPLIST_KEY_UILaunchScreen_Generation = YES;
				INFOPLIST_KEY_UISupportedInterfaceOrientations_iPad = "UIInterfaceOrientationPortrait UIInterfaceOrientationPortraitUpsideDown UIInterfaceOrientationLandscapeLeft UIInterfaceOrientationLandscapeRight";
				INFOPLIST_KEY_UISupportedInterfaceOrientations_iPhone = "UIInterfaceOrientationPortrait UIInterfaceOrientationLandscapeLeft UIInterfaceOrientationLandscapeRight";
				LD_RUNPATH_SEARCH_PATHS = (
					"$(inherited)",
					"@executable_path/Frameworks",
				);
				MARKETING_VERSION = 1.0;
				PRODUCT_BUNDLE_IDENTIFIER = io.npat.ArtGems;
				PRODUCT_NAME = "$(TARGET_NAME)";
				SWIFT_EMIT_LOC_STRINGS = YES;
				SWIFT_VERSION = 5.0;
				TARGETED_DEVICE_FAMILY = "1,2";
			};
			name = Debug;
		};
		A37D8E912A80AE5A007E9811 /* Release */ = {
			isa = XCBuildConfiguration;
			buildSettings = {
				ASSETCATALOG_COMPILER_APPICON_NAME = AppIcon;
				ASSETCATALOG_COMPILER_GLOBAL_ACCENT_COLOR_NAME = AccentColor;
				CODE_SIGN_STYLE = Automatic;
				CURRENT_PROJECT_VERSION = 1;
				DEVELOPMENT_ASSET_PATHS = "\"ArtGems/Preview Content\"";
				ENABLE_PREVIEWS = YES;
				GENERATE_INFOPLIST_FILE = YES;
				INFOPLIST_KEY_UIApplicationSceneManifest_Generation = YES;
				INFOPLIST_KEY_UIApplicationSupportsIndirectInputEvents = YES;
				INFOPLIST_KEY_UILaunchScreen_Generation = YES;
				INFOPLIST_KEY_UISupportedInterfaceOrientations_iPad = "UIInterfaceOrientationPortrait UIInterfaceOrientationPortraitUpsideDown UIInterfaceOrientationLandscapeLeft UIInterfaceOrientationLandscapeRight";
				INFOPLIST_KEY_UISupportedInterfaceOrientations_iPhone = "UIInterfaceOrientationPortrait UIInterfaceOrientationLandscapeLeft UIInterfaceOrientationLandscapeRight";
				LD_RUNPATH_SEARCH_PATHS = (
					"$(inherited)",
					"@executable_path/Frameworks",
				);
				MARKETING_VERSION = 1.0;
				PRODUCT_BUNDLE_IDENTIFIER = io.npat.ArtGems;
				PRODUCT_NAME = "$(TARGET_NAME)";
				SWIFT_EMIT_LOC_STRINGS = YES;
				SWIFT_VERSION = 5.0;
				TARGETED_DEVICE_FAMILY = "1,2";
			};
			name = Release;
		};
/* End XCBuildConfiguration section */

/* Begin XCConfigurationList section */
		A37D8E7C2A80AE57007E9811 /* Build configuration list for PBXProject "ArtGems" */ = {
			isa = XCConfigurationList;
			buildConfigurations = (
				A37D8E8D2A80AE5A007E9811 /* Debug */,
				A37D8E8E2A80AE5A007E9811 /* Release */,
			);
			defaultConfigurationIsVisible = 0;
			defaultConfigurationName = Release;
		};
		A37D8E8F2A80AE5A007E9811 /* Build configuration list for PBXNativeTarget "ArtGems" */ = {
			isa = XCConfigurationList;
			buildConfigurations = (
				A37D8E902A80AE5A007E9811 /* Debug */,
				A37D8E912A80AE5A007E9811 /* Release */,
			);
			defaultConfigurationIsVisible = 0;
			defaultConfigurationName = Release;
		};
/* End XCConfigurationList section */
	};
	rootObject = A37D8E792A80AE57007E9811 /* Project object */;
}
